
Microsoft Visual Studio Solution File, Format Version 12.00
# Visual Studio Version 16
VisualStudioVersion = 16.0.30114.105
MinimumVisualStudioVersion = 10.0.40219.1
Project("{FAE04EC0-301F-11D3-BF4B-00C04F79EFBC}") = "Game", "Game\Game.csproj", "{4E765143-88E3-4EA5-BFC0-4EF9E2897824}"
EndProject
Project("{FAE04EC0-301F-11D3-BF4B-00C04F79EFBC}") = "Game.Tests", "Game.Tests\Game.Tests.csproj", "{AD69A7AD-306C-40DD-BDA3-2F36F7D22288}"
EndProject
Project("{FAE04EC0-301F-11D3-BF4B-00C04F79EFBC}") = "WordChooser", "WordChooser\WordChooser.csproj", "{015D1E72-28D8-46A4-992E-610AE172653F}"
EndProject
Project("{FAE04EC0-301F-11D3-BF4B-00C04F79EFBC}") = "WordChooser.Tests", "WordChooser.Tests\WordChooser.Tests.csproj", "{9AF68CBA-3D1E-4F3F-B67B-91F8EF4AC8CB}"
EndProject
Global
	GlobalSection(SolutionConfigurationPlatforms) = preSolution
		Debug|Any CPU = Debug|Any CPU
		Release|Any CPU = Release|Any CPU
	EndGlobalSection
	GlobalSection(SolutionProperties) = preSolution
		HideSolutionNode = FALSE
	EndGlobalSection
	GlobalSection(ProjectConfigurationPlatforms) = postSolution
		{4E765143-88E3-4EA5-BFC0-4EF9E2897824}.Debug|Any CPU.ActiveCfg = Debug|Any CPU
		{4E765143-88E3-4EA5-BFC0-4EF9E2897824}.Debug|Any CPU.Build.0 = Debug|Any CPU
		{4E765143-88E3-4EA5-BFC0-4EF9E2897824}.Release|Any CPU.ActiveCfg = Release|Any CPU
		{4E765143-88E3-4EA5-BFC0-4EF9E2897824}.Release|Any CPU.Build.0 = Release|Any CPU
		{AD69A7AD-306C-40DD-BDA3-2F36F7D22288}.Debug|Any CPU.ActiveCfg = Debug|Any CPU
		{AD69A7AD-306C-40DD-BDA3-2F36F7D22288}.Debug|Any CPU.Build.0 = Debug|Any CPU
		{AD69A7AD-306C-40DD-BDA3-2F36F7D22288}.Release|Any CPU.ActiveCfg = Release|Any CPU
		{AD69A7AD-306C-40DD-BDA3-2F36F7D22288}.Release|Any CPU.Build.0 = Release|Any CPU
		{015D1E72-28D8-46A4-992E-610AE172653F}.Debug|Any CPU.ActiveCfg = Debug|Any CPU
		{015D1E72-28D8-46A4-992E-610AE172653F}.Debug|Any CPU.Build.0 = Debug|Any CPU
		{015D1E72-28D8-46A4-992E-610AE172653F}.Release|Any CPU.ActiveCfg = Release|Any CPU
		{015D1E72-28D8-46A4-992E-610AE172653F}.Release|Any CPU.Build.0 = Release|Any CPU
		{9AF68CBA-3D1E-4F3F-B67B-91F8EF4AC8CB}.Debug|Any CPU.ActiveCfg = Debug|Any CPU
		{9AF68CBA-3D1E-4F3F-B67B-91F8EF4AC8CB}.Debug|Any CPU.Build.0 = Debug|Any CPU
		{9AF68CBA-3D1E-4F3F-B67B-91F8EF4AC8CB}.Release|Any CPU.ActiveCfg = Release|Any CPU
		{9AF68CBA-3D1E-4F3F-B67B-91F8EF4AC8CB}.Release|Any CPU.Build.0 = Release|Any CPU
	EndGlobalSection
EndGlobal
